
Microsoft Visual Studio Solution File, Format Version 12.00
# Visual Studio 15
VisualStudioVersion = 15.0.28010.2016
MinimumVisualStudioVersion = 10.0.40219.1
Project("{8BC9CEB8-8B4A-11D0-8D11-00A0C91BC942}") = "baitap1", "baitap1\baitap1.vcxproj", "{E91A1292-003C-4F7B-8726-AC6A7D20F5BE}"
EndProject
Project("{8BC9CEB8-8B4A-11D0-8D11-00A0C91BC942}") = "baitap2", "baitap2\baitap2.vcxproj", "{7A63BF83-7B20-461C-8CA9-2707D7B089AB}"
EndProject
Project("{8BC9CEB8-8B4A-11D0-8D11-00A0C91BC942}") = "baitap3", "baitap3\baitap3.vcxproj", "{AFD9389B-D966-456C-A0BE-9CA392CFEA73}"
EndProject
Project("{8BC9CEB8-8B4A-11D0-8D11-00A0C91BC942}") = "baitap4", "baitap4\baitap4.vcxproj", "{C345D39F-91B5-41C5-9D9C-C8C5072BF2B4}"
EndProject
Project("{8BC9CEB8-8B4A-11D0-8D11-00A0C91BC942}") = "baitap5", "baitap5\baitap5.vcxproj", "{67B3359E-C04A-459B-B900-060C0400EE0E}"
EndProject
Global
	GlobalSection(SolutionConfigurationPlatforms) = preSolution
		Debug|x64 = Debug|x64
		Debug|x86 = Debug|x86
		Release|x64 = Release|x64
		Release|x86 = Release|x86
	EndGlobalSection
	GlobalSection(ProjectConfigurationPlatforms) = postSolution
		{E91A1292-003C-4F7B-8726-AC6A7D20F5BE}.Debug|x64.ActiveCfg = Debug|x64
		{E91A1292-003C-4F7B-8726-AC6A7D20F5BE}.Debug|x64.Build.0 = Debug|x64
		{E91A1292-003C-4F7B-8726-AC6A7D20F5BE}.Debug|x86.ActiveCfg = Debug|Win32
		{E91A1292-003C-4F7B-8726-AC6A7D20F5BE}.Debug|x86.Build.0 = Debug|Win32
		{E91A1292-003C-4F7B-8726-AC6A7D20F5BE}.Release|x64.ActiveCfg = Release|x64
		{E91A1292-003C-4F7B-8726-AC6A7D20F5BE}.Release|x64.Build.0 = Release|x64
		{E91A1292-003C-4F7B-8726-AC6A7D20F5BE}.Release|x86.ActiveCfg = Release|Win32
		{E91A1292-003C-4F7B-8726-AC6A7D20F5BE}.Release|x86.Build.0 = Release|Win32
		{7A63BF83-7B20-461C-8CA9-2707D7B089AB}.Debug|x64.ActiveCfg = Debug|x64
		{7A63BF83-7B20-461C-8CA9-2707D7B089AB}.Debug|x64.Build.0 = Debug|x64
		{7A63BF83-7B20-461C-8CA9-2707D7B089AB}.Debug|x86.ActiveCfg = Debug|Win32
		{7A63BF83-7B20-461C-8CA9-2707D7B089AB}.Debug|x86.Build.0 = Debug|Win32
		{7A63BF83-7B20-461C-8CA9-2707D7B089AB}.Release|x64.ActiveCfg = Release|x64
		{7A63BF83-7B20-461C-8CA9-2707D7B089AB}.Release|x64.Build.0 = Release|x64
		{7A63BF83-7B20-461C-8CA9-2707D7B089AB}.Release|x86.ActiveCfg = Release|Win32
		{7A63BF83-7B20-461C-8CA9-2707D7B089AB}.Release|x86.Build.0 = Release|Win32
		{AFD9389B-D966-456C-A0BE-9CA392CFEA73}.Debug|x64.ActiveCfg = Debug|x64
		{AFD9389B-D966-456C-A0BE-9CA392CFEA73}.Debug|x64.Build.0 = Debug|x64
		{AFD9389B-D966-456C-A0BE-9CA392CFEA73}.Debug|x86.ActiveCfg = Debug|Win32
		{AFD9389B-D966-456C-A0BE-9CA392CFEA73}.Debug|x86.Build.0 = Debug|Win32
		{AFD9389B-D966-456C-A0BE-9CA392CFEA73}.Release|x64.ActiveCfg = Release|x64
		{AFD9389B-D966-456C-A0BE-9CA392CFEA73}.Release|x64.Build.0 = Release|x64
		{AFD9389B-D966-456C-A0BE-9CA392CFEA73}.Release|x86.ActiveCfg = Release|Win32
		{AFD9389B-D966-456C-A0BE-9CA392CFEA73}.Release|x86.Build.0 = Release|Win32
		{C345D39F-91B5-41C5-9D9C-C8C5072BF2B4}.Debug|x64.ActiveCfg = Debug|x64
		{C345D39F-91B5-41C5-9D9C-C8C5072BF2B4}.Debug|x64.Build.0 = Debug|x64
		{C345D39F-91B5-41C5-9D9C-C8C5072BF2B4}.Debug|x86.ActiveCfg = Debug|Win32
		{C345D39F-91B5-41C5-9D9C-C8C5072BF2B4}.Debug|x86.Build.0 = Debug|Win32
		{C345D39F-91B5-41C5-9D9C-C8C5072BF2B4}.Release|x64.ActiveCfg = Release|x64
		{C345D39F-91B5-41C5-9D9C-C8C5072BF2B4}.Release|x64.Build.0 = Release|x64
		{C345D39F-91B5-41C5-9D9C-C8C5072BF2B4}.Release|x86.ActiveCfg = Release|Win32
		{C345D39F-91B5-41C5-9D9C-C8C5072BF2B4}.Release|x86.Build.0 = Release|Win32
		{67B3359E-C04A-459B-B900-060C0400EE0E}.Debug|x64.ActiveCfg = Debug|x64
		{67B3359E-C04A-459B-B900-060C0400EE0E}.Debug|x64.Build.0 = Debug|x64
		{67B3359E-C04A-459B-B900-060C0400EE0E}.Debug|x86.ActiveCfg = Debug|Win32
		{67B3359E-C04A-459B-B900-060C0400EE0E}.Debug|x86.Build.0 = Debug|Win32
		{67B3359E-C04A-459B-B900-060C0400EE0E}.Release|x64.ActiveCfg = Release|x64
		{67B3359E-C04A-459B-B900-060C0400EE0E}.Release|x64.Build.0 = Release|x64
		{67B3359E-C04A-459B-B900-060C0400EE0E}.Release|x86.ActiveCfg = Release|Win32
		{67B3359E-C04A-459B-B900-060C0400EE0E}.Release|x86.Build.0 = Release|Win32
	EndGlobalSection
	GlobalSection(SolutionProperties) = preSolution
		HideSolutionNode = FALSE
	EndGlobalSection
	GlobalSection(ExtensibilityGlobals) = postSolution
		SolutionGuid = {15A9A6BB-5087-4AA2-8C98-42D6DA4755F2}
	EndGlobalSection
EndGlobal
